{
  "name": "script",
  "lockfileVersion": 2,
  "requires": true,
  "packages": {
    "": {
      "dependencies": {
        "fs": "^0.0.1-security",
        "tmp": "^0.2.4",
        "zx": "^8.6.1"
      }
    },
    "node_modules/fs": {
      "version": "0.0.1-security",
      "resolved": "https://registry.npmjs.org/fs/-/fs-0.0.1-security.tgz",
      "integrity": "sha512-3XY9e1pP0CVEUCdj5BmfIZxRBTSDycnbqhIOGec9QYtmVH2fbLpj86CFWkrNOkt/Fvty4KZG5lTglL9j/gJ87w=="
    },
    "node_modules/tmp": {
      "version": "0.2.4",
      "resolved": "https://registry.npmjs.org/tmp/-/tmp-0.2.4.tgz",
      "integrity": "sha512-UdiSoX6ypifLmrfQ/XfiawN6hkjSBpCjhKxxZcWlUUmoXLaCKQU0bx4HF/tdDK2uzRuchf1txGvrWBzYREssoQ==",
      "engines": {
        "node": ">=14.14"
      }
    },
    "node_modules/zx": {
      "version": "8.6.1",
      "resolved": "https://registry.npmjs.org/zx/-/zx-8.6.1.tgz",
      "integrity": "sha512-ig4Gn2e3L9QaQq3OsyDyGKvXFiq7wYvLCPmFJgcneHsr5vTeJefe0SXtDE7qaur9ysv7giAc0CmEtQcS71UA5Q==",
      "bin": {
        "zx": "build/cli.js"
      },
      "engines": {
        "node": ">= 12.17.0"
      }
    }
  },
  "dependencies": {
    "fs": {
      "version": "0.0.1-security",
      "resolved": "https://registry.npmjs.org/fs/-/fs-0.0.1-security.tgz",
      "integrity": "sha512-3XY9e1pP0CVEUCdj5BmfIZxRBTSDycnbqhIOGec9QYtmVH2fbLpj86CFWkrNOkt/Fvty4KZG5lTglL9j/gJ87w=="
    },
    "tmp": {
      "version": "0.2.4",
      "resolved": "https://registry.npmjs.org/tmp/-/tmp-0.2.4.tgz",
      "integrity": "sha512-UdiSoX6ypifLmrfQ/XfiawN6hkjSBpCjhKxxZcWlUUmoXLaCKQU0bx4HF/tdDK2uzRuchf1txGvrWBzYREssoQ=="
    },
    "zx": {
      "version": "8.6.1",
      "resolved": "https://registry.npmjs.org/zx/-/zx-8.6.1.tgz",
      "integrity": "sha512-ig4Gn2e3L9QaQq3OsyDyGKvXFiq7wYvLCPmFJgcneHsr5vTeJefe0SXtDE7qaur9ysv7giAc0CmEtQcS71UA5Q=="
    }
  }
}
