{
  "name": "script",
  "lockfileVersion": 2,
  "requires": true,
  "packages": {
    "": {
      "dependencies": {
        "fs": "^0.0.1-security",
        "tmp": "^0.2.5",
        "zx": "^8.8.3"
      }
    },
    "node_modules/fs": {
      "version": "0.0.1-security",
      "resolved": "https://registry.npmjs.org/fs/-/fs-0.0.1-security.tgz",
      "integrity": "sha512-3XY9e1pP0CVEUCdj5BmfIZxRBTSDycnbqhIOGec9QYtmVH2fbLpj86CFWkrNOkt/Fvty4KZG5lTglL9j/gJ87w=="
    },
    "node_modules/tmp": {
      "version": "0.2.5",
      "resolved": "https://registry.npmjs.org/tmp/-/tmp-0.2.5.tgz",
      "integrity": "sha512-voyz6MApa1rQGUxT3E+BK7/ROe8itEx7vD8/HEvt4xwXucvQ5G5oeEiHkmHZJuBO21RpOf+YYm9MOivj709jow==",
      "engines": {
        "node": ">=14.14"
      }
    },
    "node_modules/zx": {
      "version": "8.8.3",
      "resolved": "https://registry.npmjs.org/zx/-/zx-8.8.3.tgz",
      "integrity": "sha512-8GWaBTVU6wzTdqO0v5qwGMUFLCYduW7UUxaliRD+FXGRfYM8KLDGL93idbdGFLomHDi18ZxCfhAJqYZB8rJNvw==",
      "bin": {
        "zx": "build/cli.js"
      },
      "engines": {
        "node": ">= 12.17.0"
      }
    }
  },
  "dependencies": {
    "fs": {
      "version": "0.0.1-security",
      "resolved": "https://registry.npmjs.org/fs/-/fs-0.0.1-security.tgz",
      "integrity": "sha512-3XY9e1pP0CVEUCdj5BmfIZxRBTSDycnbqhIOGec9QYtmVH2fbLpj86CFWkrNOkt/Fvty4KZG5lTglL9j/gJ87w=="
    },
    "tmp": {
      "version": "0.2.5",
      "resolved": "https://registry.npmjs.org/tmp/-/tmp-0.2.5.tgz",
      "integrity": "sha512-voyz6MApa1rQGUxT3E+BK7/ROe8itEx7vD8/HEvt4xwXucvQ5G5oeEiHkmHZJuBO21RpOf+YYm9MOivj709jow=="
    },
    "zx": {
      "version": "8.8.3",
      "resolved": "https://registry.npmjs.org/zx/-/zx-8.8.3.tgz",
      "integrity": "sha512-8GWaBTVU6wzTdqO0v5qwGMUFLCYduW7UUxaliRD+FXGRfYM8KLDGL93idbdGFLomHDi18ZxCfhAJqYZB8rJNvw=="
    }
  }
}
